
Microsoft Visual Studio Solution File, Format Version 12.00
# Visual Studio Version 16
VisualStudioVersion = 16.0.30128.74
MinimumVisualStudioVersion = 10.0.40219.1
Project("{9A19103F-16F7-4668-BE54-9A1E7A4F7556}") = "GravyBot", "src\GravyBot\GravyBot.csproj", "{4266B0D5-B000-4F25-BEE8-4338EDDEF59E}"
EndProject
Project("{9A19103F-16F7-4668-BE54-9A1E7A4F7556}") = "GravyBot.SampleRules", "src\GravyBot.SampleRules\GravyBot.SampleRules.csproj", "{A0055F1F-055C-4439-8AAB-B5FFB25C3A0F}"
EndProject
Global
	GlobalSection(SolutionConfigurationPlatforms) = preSolution
		Debug|Any CPU = Debug|Any CPU
		Release|Any CPU = Release|Any CPU
	EndGlobalSection
	GlobalSection(ProjectConfigurationPlatforms) = postSolution
		{4266B0D5-B000-4F25-BEE8-4338EDDEF59E}.Debug|Any CPU.ActiveCfg = Debug|Any CPU
		{4266B0D5-B000-4F25-BEE8-4338EDDEF59E}.Debug|Any CPU.Build.0 = Debug|Any CPU
		{4266B0D5-B000-4F25-BEE8-4338EDDEF59E}.Release|Any CPU.ActiveCfg = Release|Any CPU
		{4266B0D5-B000-4F25-BEE8-4338EDDEF59E}.Release|Any CPU.Build.0 = Release|Any CPU
		{A0055F1F-055C-4439-8AAB-B5FFB25C3A0F}.Debug|Any CPU.ActiveCfg = Debug|Any CPU
		{A0055F1F-055C-4439-8AAB-B5FFB25C3A0F}.Debug|Any CPU.Build.0 = Debug|Any CPU
		{A0055F1F-055C-4439-8AAB-B5FFB25C3A0F}.Release|Any CPU.ActiveCfg = Release|Any CPU
		{A0055F1F-055C-4439-8AAB-B5FFB25C3A0F}.Release|Any CPU.Build.0 = Release|Any CPU
	EndGlobalSection
	GlobalSection(SolutionProperties) = preSolution
		HideSolutionNode = FALSE
	EndGlobalSection
	GlobalSection(ExtensibilityGlobals) = postSolution
		SolutionGuid = {D029F477-3E59-4881-8658-C0D612332035}
	EndGlobalSection
EndGlobal
